
Microsoft Visual Studio Solution File, Format Version 12.00
# Visual Studio Version 17
VisualStudioVersion = 17.11.35327.3
MinimumVisualStudioVersion = 10.0.40219.1
Project("{FAE04EC0-301F-11D3-BF4B-00C04F79EFBC}") = "B.Hines_Lab2_PopulationDatabse", "B.Hines_Lab2_PopulationDatabse.csproj", "{FA54EDB1-4040-4F57-8E6A-64242A51B8FF}"
EndProject
Global
	GlobalSection(SolutionConfigurationPlatforms) = preSolution
		Debug|Any CPU = Debug|Any CPU
		Release|Any CPU = Release|Any CPU
	EndGlobalSection
	GlobalSection(ProjectConfigurationPlatforms) = postSolution
		{FA54EDB1-4040-4F57-8E6A-64242A51B8FF}.Debug|Any CPU.ActiveCfg = Debug|Any CPU
		{FA54EDB1-4040-4F57-8E6A-64242A51B8FF}.Debug|Any CPU.Build.0 = Debug|Any CPU
		{FA54EDB1-4040-4F57-8E6A-64242A51B8FF}.Release|Any CPU.ActiveCfg = Release|Any CPU
		{FA54EDB1-4040-4F57-8E6A-64242A51B8FF}.Release|Any CPU.Build.0 = Release|Any CPU
	EndGlobalSection
	GlobalSection(SolutionProperties) = preSolution
		HideSolutionNode = FALSE
	EndGlobalSection
	GlobalSection(ExtensibilityGlobals) = postSolution
		SolutionGuid = {D358E068-19AB-4292-AE3A-E59E35D8CD33}
	EndGlobalSection
EndGlobal
