
Microsoft Visual Studio Solution File, Format Version 12.00
# Visual Studio Version 17
VisualStudioVersion = 17.11.35327.3
MinimumVisualStudioVersion = 10.0.40219.1
Project("{FAE04EC0-301F-11D3-BF4B-00C04F79EFBC}") = "BrandonHines_lab5_JoesAutomotive", "BrandonHines_lab5_JoesAutomotive.csproj", "{BB56AA40-A032-4662-B5D4-77A84FA8002E}"
EndProject
Global
	GlobalSection(SolutionConfigurationPlatforms) = preSolution
		Debug|Any CPU = Debug|Any CPU
		Release|Any CPU = Release|Any CPU
	EndGlobalSection
	GlobalSection(ProjectConfigurationPlatforms) = postSolution
		{BB56AA40-A032-4662-B5D4-77A84FA8002E}.Debug|Any CPU.ActiveCfg = Debug|Any CPU
		{BB56AA40-A032-4662-B5D4-77A84FA8002E}.Debug|Any CPU.Build.0 = Debug|Any CPU
		{BB56AA40-A032-4662-B5D4-77A84FA8002E}.Release|Any CPU.ActiveCfg = Release|Any CPU
		{BB56AA40-A032-4662-B5D4-77A84FA8002E}.Release|Any CPU.Build.0 = Release|Any CPU
	EndGlobalSection
	GlobalSection(SolutionProperties) = preSolution
		HideSolutionNode = FALSE
	EndGlobalSection
	GlobalSection(ExtensibilityGlobals) = postSolution
		SolutionGuid = {F84DCC38-0D55-4832-A315-83D155DE6B73}
	EndGlobalSection
EndGlobal
